const express = require('express');
const http = require('http');
const { Server } = require('socket.io');
const cors = require('cors');
const multer = require('multer');
const path = require('path');
const fs = require('fs');
const { Bonjour } = require('bonjour-service');

// Lowdb 1.x setup
const low = require('lowdb');
const FileSync = require('lowdb/adapters/FileSync');
const adapter = new FileSync('db.json');
const db = low(adapter);

// Initialize DB defaults
db.defaults({ items: [], uploads: [], settings: {} }).write();

const app = express();
const server = http.createServer(app);
const io = new Server(server, {
  cors: {
    origin: "*",
    methods: ["GET", "POST"]
  }
});

// Middleware
app.use(cors());
app.use(express.json());
app.use('/uploads', express.static('uploads'));

// Multer storage configuration
const storage = multer.diskStorage({
  destination: (req, file, cb) => {
    const dir = './uploads';
    if (!fs.existsSync(dir)) fs.mkdirSync(dir);
    cb(null, dir);
  },
  filename: (req, file, cb) => {
    cb(null, Date.now() + path.extname(file.originalname));
  }
});
const upload = multer({ storage });

// REST Routes
app.get('/api/items', (req, res) => {
  const items = db.get('items').value();
  res.json(items);
});

app.post('/api/upload', upload.single('file'), (req, res) => {
  if (!req.file) return res.status(400).send('No file uploaded.');
  
  const fileData = {
    id: Date.now(),
    filename: req.file.filename,
    originalName: req.file.originalname,
    path: req.file.path
  };
  
  db.get('uploads').push(fileData).write();
  res.status(201).json(fileData);
});

// Socket.io logic
io.on('connection', (socket) => {
  console.log('Client connected:', socket.id);

  socket.on('message', (data) => {
    console.log('Message received:', data);
    io.emit('message', data); // Broadcast to all
  });

  socket.on('disconnect', () => {
    console.log('Client disconnected');
  });
});

// Bonjour Service Discovery
const bonjour = new Bonjour();
const SERVICE_PORT = 3000;

const service = bonjour.publish({
  name: 'rabahdj-server',
  type: 'http',
  port: SERVICE_PORT,
  txt: { version: '1.0.0' }
});

service.on('up', () => {
  console.log(`Bonjour service "rabahdj-server" published on port ${SERVICE_PORT}`);
});

// Start Server
server.listen(SERVICE_PORT, () => {
  console.log(`Server running on http://localhost:${SERVICE_PORT}`);
});

// Graceful shutdown
process.on('SIGINT', () => {
  bonjour.unpublishAll(() => {
    bonjour.destroy();
    server.close(() => {
      console.log('Server and Bonjour service closed.');
      process.exit();
    });
  });
});
